{
  "version": 4,
  "terraform_version": "1.12.2",
  "serial": 15,
  "lineage": "e5832cb2-7522-16fc-0d19-2ee321a5670b",
  "outputs": {},
  "resources": [
    {
      "mode": "managed",
      "type": "local_file",
      "name": "tf_example",
      "provider": "provider[\"registry.terraform.io/hashicorp/local\"]",
      "instances": [
        {
          "schema_version": 0,
          "attributes": {
            "content": "Hey this is updated content to write to the file",
            "content_base64": null,
            "content_base64sha256": "PlsMk7U7lKGCkOmpo7/llCy2ri2NOz1CsilHENQXVJ4=",
            "content_base64sha512": "18eEB4+iedi0CJykFxOaeNj/FoE5QdrQpyZK6hZcXn0DdhhIm509Gehufr8aDAJF68idL7gvY2V3Ail8khiMNA==",
            "content_md5": "ded4f2deb94c99a71dc0232490310ec2",
            "content_sha1": "78535dbed911b1134fba6c70e804e35b7b5270ea",
            "content_sha256": "3e5b0c93b53b94a18290e9a9a3bfe5942cb6ae2d8d3b3d42b2294710d417549e",
            "content_sha512": "d7c784078fa279d8b4089ca417139a78d8ff16813941dad0a7264aea165c5e7d037618489b9d3d19e86e7ebf1a0c0245ebc89d2fb82f63657702297c92188c34",
            "directory_permission": "0777",
            "file_permission": "0777",
            "filename": "./example.txt",
            "id": "78535dbed911b1134fba6c70e804e35b7b5270ea",
            "sensitive_content": null,
            "source": null
          },
          "sensitive_attributes": [
            [
              {
                "type": "get_attr",
                "value": "sensitive_content"
              }
            ]
          ],
          "identity_schema_version": 0
        }
      ]
    },
    {
      "mode": "managed",
      "type": "local_sensitive_file",
      "name": "tf_example2",
      "provider": "provider[\"registry.terraform.io/hashicorp/local\"]",
      "instances": [
        {
          "schema_version": 0,
          "attributes": {
            "content": "This is a sensitive file created by Terraform",
            "content_base64": null,
            "content_base64sha256": "35tQ6uLqo/0wjr5bC/A2+1N0SnNbka6jfBdB64LndZQ=",
            "content_base64sha512": "IOSqRYIsAIpLteoEDGWPBDWyUgSRFhOhXwfpRsDVpE/3HLBHWdTtYujeD18VUpVtjlesTQKmom+XOMGgjKpaHg==",
            "content_md5": "2587c98af8063fa8546f2bd0c29f4bac",
            "content_sha1": "52402469786b2c564840f2a3912bc40abfb91a91",
            "content_sha256": "df9b50eae2eaa3fd308ebe5b0bf036fb53744a735b91aea37c1741eb82e77594",
            "content_sha512": "20e4aa45822c008a4bb5ea040c658f0435b25204911613a15f07e946c0d5a44ff71cb04759d4ed62e8de0f5f1552956d8e57ac4d02a6a26f9738c1a08caa5a1e",
            "directory_permission": "0700",
            "file_permission": "0700",
            "filename": "./sensitive.txt",
            "id": "52402469786b2c564840f2a3912bc40abfb91a91",
            "source": null
          },
          "sensitive_attributes": [
            [
              {
                "type": "get_attr",
                "value": "content"
              }
            ],
            [
              {
                "type": "get_attr",
                "value": "content_base64"
              }
            ]
          ],
          "identity_schema_version": 0
        }
      ]
    }
  ],
  "check_results": null
}
