{
  "version": 4,
  "terraform_version": "1.12.2",
  "serial": 6,
  "lineage": "7add36ba-5a26-2bdf-a419-0883da2357d9",
  "outputs": {},
  "resources": [
    {
      "mode": "managed",
      "type": "local_file",
      "name": "example1",
      "provider": "provider[\"registry.terraform.io/hashicorp/local\"]",
      "instances": [
        {
          "index_key": 0,
          "schema_version": 0,
          "attributes": {
            "content": "This is demo content",
            "content_base64": null,
            "content_base64sha256": "uYGO71T3O8nYY/+KyZtzpWDyxq1jwqKfHp4Wiss/AKs=",
            "content_base64sha512": "5z18QGxJFAj98LEBHqt+yhgP1eRhNJCA0dcYHpNcLYRSSi8NvNOSiaKxn8hWZzhm9ubJim7c3LEsTxI22k7dNQ==",
            "content_md5": "0793a9b16f7a25509b1f86af645e3661",
            "content_sha1": "969b3de5ea9763a711ed1a34a9fb03d96c4c50e4",
            "content_sha256": "b9818eef54f73bc9d863ff8ac99b73a560f2c6ad63c2a29f1e9e168acb3f00ab",
            "content_sha512": "e73d7c406c491408fdf0b1011eab7eca180fd5e461349080d1d7181e935c2d84524a2f0dbcd39289a2b19fc856673866f6e6c98a6edcdcb12c4f1236da4edd35",
            "directory_permission": "0777",
            "file_permission": "0777",
            "filename": "./example1.txt",
            "id": "969b3de5ea9763a711ed1a34a9fb03d96c4c50e4",
            "sensitive_content": null,
            "source": null
          },
          "sensitive_attributes": [
            [
              {
                "type": "get_attr",
                "value": "sensitive_content"
              }
            ]
          ],
          "identity_schema_version": 0
        }
      ]
    },
    {
      "mode": "managed",
      "type": "local_file",
      "name": "example2",
      "provider": "provider[\"registry.terraform.io/hashicorp/local\"]",
      "instances": [
        {
          "schema_version": 0,
          "attributes": {
            "content": "foo",
            "content_base64": null,
            "content_base64sha256": "LCa0a2j/xo/5m0U8HTBBNBNCLXBkg7+g+YpeiGJm564=",
            "content_base64sha512": "9/u6bgY2+JDlb7vzKD5STG+jIErimDgtYkdB0NxmODJuKCxBvl5CVNiCB3LFUYosWowMf37aGVlKfrU5RT4e1w==",
            "content_md5": "acbd18db4cc2f85cedef654fccc4a4d8",
            "content_sha1": "0beec7b5ea3f0fdbc95d0dd47f3c5bc275da8a33",
            "content_sha256": "2c26b46b68ffc68ff99b453c1d30413413422d706483bfa0f98a5e886266e7ae",
            "content_sha512": "f7fbba6e0636f890e56fbbf3283e524c6fa3204ae298382d624741d0dc6638326e282c41be5e4254d8820772c5518a2c5a8c0c7f7eda19594a7eb539453e1ed7",
            "directory_permission": "0777",
            "file_permission": "0777",
            "filename": "./files/example2.md",
            "id": "0beec7b5ea3f0fdbc95d0dd47f3c5bc275da8a33",
            "sensitive_content": null,
            "source": null
          },
          "sensitive_attributes": [
            [
              {
                "type": "get_attr",
                "value": "sensitive_content"
              }
            ]
          ],
          "identity_schema_version": 0
        }
      ]
    },
    {
      "mode": "managed",
      "type": "local_file",
      "name": "example3",
      "provider": "provider[\"registry.terraform.io/hashicorp/local\"]",
      "instances": [
        {
          "schema_version": 0,
          "attributes": {
            "content": "foo",
            "content_base64": null,
            "content_base64sha256": "LCa0a2j/xo/5m0U8HTBBNBNCLXBkg7+g+YpeiGJm564=",
            "content_base64sha512": "9/u6bgY2+JDlb7vzKD5STG+jIErimDgtYkdB0NxmODJuKCxBvl5CVNiCB3LFUYosWowMf37aGVlKfrU5RT4e1w==",
            "content_md5": "acbd18db4cc2f85cedef654fccc4a4d8",
            "content_sha1": "0beec7b5ea3f0fdbc95d0dd47f3c5bc275da8a33",
            "content_sha256": "2c26b46b68ffc68ff99b453c1d30413413422d706483bfa0f98a5e886266e7ae",
            "content_sha512": "f7fbba6e0636f890e56fbbf3283e524c6fa3204ae298382d624741d0dc6638326e282c41be5e4254d8820772c5518a2c5a8c0c7f7eda19594a7eb539453e1ed7",
            "directory_permission": "0777",
            "file_permission": "0777",
            "filename": "./files/example3.md",
            "id": "0beec7b5ea3f0fdbc95d0dd47f3c5bc275da8a33",
            "sensitive_content": null,
            "source": null
          },
          "sensitive_attributes": [
            [
              {
                "type": "get_attr",
                "value": "sensitive_content"
              }
            ]
          ],
          "identity_schema_version": 0
        }
      ]
    },
    {
      "mode": "managed",
      "type": "local_file",
      "name": "example4",
      "provider": "provider[\"registry.terraform.io/hashicorp/local\"]",
      "instances": [
        {
          "schema_version": 0,
          "attributes": {
            "content": "foo",
            "content_base64": null,
            "content_base64sha256": "LCa0a2j/xo/5m0U8HTBBNBNCLXBkg7+g+YpeiGJm564=",
            "content_base64sha512": "9/u6bgY2+JDlb7vzKD5STG+jIErimDgtYkdB0NxmODJuKCxBvl5CVNiCB3LFUYosWowMf37aGVlKfrU5RT4e1w==",
            "content_md5": "acbd18db4cc2f85cedef654fccc4a4d8",
            "content_sha1": "0beec7b5ea3f0fdbc95d0dd47f3c5bc275da8a33",
            "content_sha256": "2c26b46b68ffc68ff99b453c1d30413413422d706483bfa0f98a5e886266e7ae",
            "content_sha512": "f7fbba6e0636f890e56fbbf3283e524c6fa3204ae298382d624741d0dc6638326e282c41be5e4254d8820772c5518a2c5a8c0c7f7eda19594a7eb539453e1ed7",
            "directory_permission": "0777",
            "file_permission": "0777",
            "filename": "./files/example4.md",
            "id": "0beec7b5ea3f0fdbc95d0dd47f3c5bc275da8a33",
            "sensitive_content": null,
            "source": null
          },
          "sensitive_attributes": [
            [
              {
                "type": "get_attr",
                "value": "sensitive_content"
              }
            ]
          ],
          "identity_schema_version": 0
        }
      ]
    }
  ],
  "check_results": null
}
